
Microsoft Visual Studio Solution File, Format Version 12.00
# Visual Studio Version 16
VisualStudioVersion = 16.0.34407.143
MinimumVisualStudioVersion = 10.0.40219.1
Project("{FAE04EC0-301F-11D3-BF4B-00C04F79EFBC}") = "prlLocadora", "prlLocadora\prlLocadora.csproj", "{4E43A175-B4A9-40AC-B889-0243EADB4A41}"
EndProject
Global
	GlobalSection(SolutionConfigurationPlatforms) = preSolution
		Debug|Any CPU = Debug|Any CPU
		Release|Any CPU = Release|Any CPU
	EndGlobalSection
	GlobalSection(ProjectConfigurationPlatforms) = postSolution
		{4E43A175-B4A9-40AC-B889-0243EADB4A41}.Debug|Any CPU.ActiveCfg = Debug|Any CPU
		{4E43A175-B4A9-40AC-B889-0243EADB4A41}.Debug|Any CPU.Build.0 = Debug|Any CPU
		{4E43A175-B4A9-40AC-B889-0243EADB4A41}.Release|Any CPU.ActiveCfg = Release|Any CPU
		{4E43A175-B4A9-40AC-B889-0243EADB4A41}.Release|Any CPU.Build.0 = Release|Any CPU
	EndGlobalSection
	GlobalSection(SolutionProperties) = preSolution
		HideSolutionNode = FALSE
	EndGlobalSection
	GlobalSection(ExtensibilityGlobals) = postSolution
		SolutionGuid = {865DE9CD-95F3-43EB-99E0-5B4013CF8834}
	EndGlobalSection
EndGlobal
